
Microsoft Visual Studio Solution File, Format Version 12.00
# Visual Studio Version 16
VisualStudioVersion = 16.0.31624.102
MinimumVisualStudioVersion = 10.0.40219.1
Project("{FAE04EC0-301F-11D3-BF4B-00C04F79EFBC}") = "ITMO.DevelopmentFoundation2022.First_prog", "ITMO.DevelopmentFoundation2022.First_prog\ITMO.DevelopmentFoundation2022.First_prog.csproj", "{B9C0E74E-9813-4C41-AD5E-36B0301DEAEF}"
EndProject
Global
	GlobalSection(SolutionConfigurationPlatforms) = preSolution
		Debug|Any CPU = Debug|Any CPU
		Release|Any CPU = Release|Any CPU
	EndGlobalSection
	GlobalSection(ProjectConfigurationPlatforms) = postSolution
		{B9C0E74E-9813-4C41-AD5E-36B0301DEAEF}.Debug|Any CPU.ActiveCfg = Debug|Any CPU
		{B9C0E74E-9813-4C41-AD5E-36B0301DEAEF}.Debug|Any CPU.Build.0 = Debug|Any CPU
		{B9C0E74E-9813-4C41-AD5E-36B0301DEAEF}.Release|Any CPU.ActiveCfg = Release|Any CPU
		{B9C0E74E-9813-4C41-AD5E-36B0301DEAEF}.Release|Any CPU.Build.0 = Release|Any CPU
	EndGlobalSection
	GlobalSection(SolutionProperties) = preSolution
		HideSolutionNode = FALSE
	EndGlobalSection
	GlobalSection(ExtensibilityGlobals) = postSolution
		SolutionGuid = {5ED33A9A-96FB-4419-B332-72F60EFAB0F6}
	EndGlobalSection
EndGlobal
